{
  "nodes": {
    "home-manager": {
      "inputs": {
        "nixpkgs": "nixpkgs"
      },
      "locked": {
        "lastModified": 1631134124,
        "narHash": "sha256-C17wJ2HyuFZllJ/PbpFuuDjkzWvg8np9UIAdSrpuwS0=",
        "owner": "nix-community",
        "repo": "home-manager",
        "rev": "039f786e609fdb3cfd9c5520ff3791750c3eaebf",
        "type": "github"
      },
      "original": {
        "owner": "nix-community",
        "repo": "home-manager",
        "rev": "039f786e609fdb3cfd9c5520ff3791750c3eaebf",
        "type": "github"
      }
    },
    "nixos-hardware": {
      "locked": {
        "lastModified": 1629975021,
        "narHash": "sha256-+z4pK5yvoIKAIPGnyxt7I7Y9yX72HFP2krppGENpn6I=",
        "owner": "NixOS",
        "repo": "nixos-hardware",
        "rev": "342048461da7fc743e588ee744080c045613a226",
        "type": "github"
      },
      "original": {
        "owner": "NixOS",
        "repo": "nixos-hardware",
        "rev": "342048461da7fc743e588ee744080c045613a226",
        "type": "github"
      }
    },
    "nixpkgs": {
      "locked": {
        "lastModified": 1634653260,
        "narHash": "sha256-+Dutq51if7gx49GdN6ccY7cW/D2OYuJeUbvuiV99ggQ=",
        "owner": "NixOS",
        "repo": "nixpkgs",
        "rev": "4da1ca8777028baac708cd308326d011d566e28a",
        "type": "github"
      },
      "original": {
        "id": "nixpkgs",
        "type": "indirect"
      }
    },
    "nixpkgs_2": {
      "locked": {
        "lastModified": 1643503720,
        "narHash": "sha256-tJic20ufuRnG8V+fTCd3YU6xl1ImxNspoEkXHct0AG4=",
        "owner": "nixos",
        "repo": "nixpkgs",
        "rev": "0f316e4d72daed659233817ffe52bf08e081b5de",
        "type": "github"
      },
      "original": {
        "owner": "nixos",
        "repo": "nixpkgs",
        "rev": "0f316e4d72daed659233817ffe52bf08e081b5de",
        "type": "github"
      }
    },
    "root": {
      "inputs": {
        "home-manager": "home-manager",
        "nixos-hardware": "nixos-hardware",
        "nixpkgs": "nixpkgs_2"
      }
    }
  },
  "root": "root",
  "version": 7
}
