{
  "nodes": {
    "home-manager": {
      "inputs": {
        "nixpkgs": "nixpkgs"
      },
      "locked": {
        "lastModified": 1627592512,
        "narHash": "sha256-+bauwACGl+/dTQB047XImRz5P6Lp6vxl5ruiKjtENxo=",
        "owner": "nix-community",
        "repo": "home-manager",
        "rev": "7f976da06840c268cc291a021bab7532b923713c",
        "type": "github"
      },
      "original": {
        "owner": "nix-community",
        "repo": "home-manager",
        "rev": "7f976da06840c268cc291a021bab7532b923713c",
        "type": "github"
      }
    },
    "nixos-hardware": {
      "locked": {
        "lastModified": 1627666012,
        "narHash": "sha256-Dx93VcfFwFlUex2Me4i+lS2IFwNrSVEvTvZuP/vmmXQ=",
        "owner": "NixOS",
        "repo": "nixos-hardware",
        "rev": "09ed30ff3bb67f5efe9c77e0d79aca01793526ca",
        "type": "github"
      },
      "original": {
        "owner": "NixOS",
        "repo": "nixos-hardware",
        "rev": "09ed30ff3bb67f5efe9c77e0d79aca01793526ca",
        "type": "github"
      }
    },
    "nixpkgs": {
      "locked": {
        "lastModified": 1628814179,
        "narHash": "sha256-26sbrwQ9ZxEyAWfpthMKnFqqWeCXlmjZ+ELiJwysLj8=",
        "owner": "NixOS",
        "repo": "nixpkgs",
        "rev": "3c95cad76f562d99ce96bb566561040254d40256",
        "type": "github"
      },
      "original": {
        "id": "nixpkgs",
        "type": "indirect"
      }
    },
    "nixpkgs_2": {
      "locked": {
        "lastModified": 1628814179,
        "narHash": "sha256-26sbrwQ9ZxEyAWfpthMKnFqqWeCXlmjZ+ELiJwysLj8=",
        "owner": "nixos",
        "repo": "nixpkgs",
        "rev": "3c95cad76f562d99ce96bb566561040254d40256",
        "type": "github"
      },
      "original": {
        "owner": "nixos",
        "repo": "nixpkgs",
        "rev": "3c95cad76f562d99ce96bb566561040254d40256",
        "type": "github"
      }
    },
    "root": {
      "inputs": {
        "home-manager": "home-manager",
        "nixos-hardware": "nixos-hardware",
        "nixpkgs": "nixpkgs_2"
      }
    }
  },
  "root": "root",
  "version": 7
}
